
Microsoft Visual Studio Solution File, Format Version 12.00
# Visual Studio Version 17
VisualStudioVersion = 17.13.35931.197 d17.13
MinimumVisualStudioVersion = 10.0.40219.1
Project("{FAE04EC0-301F-11D3-BF4B-00C04F79EFBC}") = "Whisper.User", "Whisper.User\Whisper.User.csproj", "{E12D7481-C0AF-489C-BE2E-157E4C9A57BE}"
EndProject
Project("{2150E333-8FDC-42A3-9474-1A3956D46DE8}") = "Solution Items", "Solution Items", "{8EC462FD-D22E-90A8-E5CE-7E832BA40C5D}"
	ProjectSection(SolutionItems) = preProject
		.gitignore = .gitignore
		docker-compose.env = docker-compose.env
		docker-compose.yml = docker-compose.yml
		global.todos.md = global.todos.md
		README.md = README.md
	EndProjectSection
EndProject
Project("{FAE04EC0-301F-11D3-BF4B-00C04F79EFBC}") = "Whisper.Tests", "Whisper.Tests\Whisper.Tests.csproj", "{0176BF08-FEE1-4555-84A3-EC1206F9AC6C}"
EndProject
Project("{FAE04EC0-301F-11D3-BF4B-00C04F79EFBC}") = "Whisper.Shared", "Whisper.Shared\Whisper.Shared.csproj", "{AAA1455B-5CC9-49A4-A30F-5857AE4BD14C}"
EndProject
Project("{FAE04EC0-301F-11D3-BF4B-00C04F79EFBC}") = "Whisper.Auth", "Whisper.Auth\Whisper.Auth.csproj", "{AF940B7A-3872-47CE-9BCF-8AFE0F8FEFBA}"
EndProject
Global
	GlobalSection(SolutionConfigurationPlatforms) = preSolution
		Debug|Any CPU = Debug|Any CPU
		Release|Any CPU = Release|Any CPU
	EndGlobalSection
	GlobalSection(ProjectConfigurationPlatforms) = postSolution
		{E12D7481-C0AF-489C-BE2E-157E4C9A57BE}.Debug|Any CPU.ActiveCfg = Debug|Any CPU
		{E12D7481-C0AF-489C-BE2E-157E4C9A57BE}.Debug|Any CPU.Build.0 = Debug|Any CPU
		{E12D7481-C0AF-489C-BE2E-157E4C9A57BE}.Release|Any CPU.ActiveCfg = Release|Any CPU
		{E12D7481-C0AF-489C-BE2E-157E4C9A57BE}.Release|Any CPU.Build.0 = Release|Any CPU
		{0176BF08-FEE1-4555-84A3-EC1206F9AC6C}.Debug|Any CPU.ActiveCfg = Debug|Any CPU
		{0176BF08-FEE1-4555-84A3-EC1206F9AC6C}.Debug|Any CPU.Build.0 = Debug|Any CPU
		{0176BF08-FEE1-4555-84A3-EC1206F9AC6C}.Release|Any CPU.ActiveCfg = Release|Any CPU
		{0176BF08-FEE1-4555-84A3-EC1206F9AC6C}.Release|Any CPU.Build.0 = Release|Any CPU
		{AAA1455B-5CC9-49A4-A30F-5857AE4BD14C}.Debug|Any CPU.ActiveCfg = Debug|Any CPU
		{AAA1455B-5CC9-49A4-A30F-5857AE4BD14C}.Debug|Any CPU.Build.0 = Debug|Any CPU
		{AAA1455B-5CC9-49A4-A30F-5857AE4BD14C}.Release|Any CPU.ActiveCfg = Release|Any CPU
		{AAA1455B-5CC9-49A4-A30F-5857AE4BD14C}.Release|Any CPU.Build.0 = Release|Any CPU
		{AF940B7A-3872-47CE-9BCF-8AFE0F8FEFBA}.Debug|Any CPU.ActiveCfg = Debug|Any CPU
		{AF940B7A-3872-47CE-9BCF-8AFE0F8FEFBA}.Debug|Any CPU.Build.0 = Debug|Any CPU
		{AF940B7A-3872-47CE-9BCF-8AFE0F8FEFBA}.Release|Any CPU.ActiveCfg = Release|Any CPU
		{AF940B7A-3872-47CE-9BCF-8AFE0F8FEFBA}.Release|Any CPU.Build.0 = Release|Any CPU
	EndGlobalSection
	GlobalSection(SolutionProperties) = preSolution
		HideSolutionNode = FALSE
	EndGlobalSection
	GlobalSection(ExtensibilityGlobals) = postSolution
		SolutionGuid = {0B1667F0-8E73-454E-AC19-D23325F2DB4C}
	EndGlobalSection
EndGlobal
